
Microsoft Visual Studio Solution File, Format Version 12.00
# Visual Studio Version 16
VisualStudioVersion = 16.0.30204.135
MinimumVisualStudioVersion = 10.0.40219.1
Project("{9A19103F-16F7-4668-BE54-9A1E7A4F7556}") = "MasteryQuestHSSite", "WebApplication1\MasteryQuestHSSite.csproj", "{73C2DD9C-A0A2-42AE-83DF-76A909CB6274}"
EndProject
Global
	GlobalSection(SolutionConfigurationPlatforms) = preSolution
		Debug|Any CPU = Debug|Any CPU
		Release|Any CPU = Release|Any CPU
	EndGlobalSection
	GlobalSection(ProjectConfigurationPlatforms) = postSolution
		{73C2DD9C-A0A2-42AE-83DF-76A909CB6274}.Debug|Any CPU.ActiveCfg = Debug|Any CPU
		{73C2DD9C-A0A2-42AE-83DF-76A909CB6274}.Debug|Any CPU.Build.0 = Debug|Any CPU
		{73C2DD9C-A0A2-42AE-83DF-76A909CB6274}.Release|Any CPU.ActiveCfg = Release|Any CPU
		{73C2DD9C-A0A2-42AE-83DF-76A909CB6274}.Release|Any CPU.Build.0 = Release|Any CPU
	EndGlobalSection
	GlobalSection(SolutionProperties) = preSolution
		HideSolutionNode = FALSE
	EndGlobalSection
	GlobalSection(ExtensibilityGlobals) = postSolution
		SolutionGuid = {639C1DF3-AC96-4F97-B4BE-208F64C70A92}
	EndGlobalSection
EndGlobal
